// !$*UTF8*$!
{
	archiveVersion = 1;
	classes = {
	};
	objectVersion = 50;
	objects = {

/* Begin PBXBuildFile section */
		22F2EAF1F1E83CE864C071D0 /* Pods_Trimal.framework in Frameworks */ = {isa = PBXBuildFile; fileRef = B6A5D2FD9F6CA1E262AA9B6A /* Pods_Trimal.framework */; };
		4130711BD11DDA10365E83B5 /* timezones.plist in Resources */ = {isa = PBXBuildFile; fileRef = 41307E3661BB9AC256ACB48A /* timezones.plist */; };
		41307152E210D6CAF1CD14FB /* NewTimeCityListCell.swift in Sources */ = {isa = PBXBuildFile; fileRef = 41307D91F82EADC0D08F67DF /* NewTimeCityListCell.swift */; };
		4130721F0334A22522EEEEDF /* WorldTimeCell.swift in Sources */ = {isa = PBXBuildFile; fileRef = 41307F049FF1DFDAFEB9D69C /* WorldTimeCell.swift */; };
		413076FB3DC7BAC63E4D16F3 /* TimeZoneRepository.swift in Sources */ = {isa = PBXBuildFile; fileRef = 41307C23B28E5EE38B5F8481 /* TimeZoneRepository.swift */; };
		4130772D06312008CAF6129C /* NewTimeZoneViewController.swift in Sources */ = {isa = PBXBuildFile; fileRef = 413078F2F3D50E93E2BEFFCB /* NewTimeZoneViewController.swift */; };
		413078BD7F6A626F3CBF64D3 /* WorldTimeList.swift in Sources */ = {isa = PBXBuildFile; fileRef = 413070024E6462404C2CA6F7 /* WorldTimeList.swift */; };
		41307950CDA63F833678A02A /* DateUtil.swift in Sources */ = {isa = PBXBuildFile; fileRef = 41307D30BA63970D126CDDC1 /* DateUtil.swift */; };
		41307B454CA9076E26691745 /* CornerRoundedNavigationController.swift in Sources */ = {isa = PBXBuildFile; fileRef = 41307714D0AA223B92858949 /* CornerRoundedNavigationController.swift */; };
		41307B6AD29B990BD3257785 /* WorldTimeSlider.swift in Sources */ = {isa = PBXBuildFile; fileRef = 41307BE6316C20D563093F60 /* WorldTimeSlider.swift */; };
		41307CD9159E55FEB0BC0B17 /* WorldTimeViewController.swift in Sources */ = {isa = PBXBuildFile; fileRef = 41307C70F9E2E5E61D074FDC /* WorldTimeViewController.swift */; };
		41307D582EF82B7C161E1AFE /* TimeZoneService.swift in Sources */ = {isa = PBXBuildFile; fileRef = 41307CE51BB01F949D9D0BF0 /* TimeZoneService.swift */; };
		41307D6B78E8580FB307D481 /* TimeCenterService.swift in Sources */ = {isa = PBXBuildFile; fileRef = 4130705F9FA2A64E23CFE669 /* TimeCenterService.swift */; };
		41307F8C660162A6E035565C /* WorldTimeFloatingButton.swift in Sources */ = {isa = PBXBuildFile; fileRef = 41307ECB176E655C16E1F462 /* WorldTimeFloatingButton.swift */; };
		AB0AE6A22134FAE8007E5B5C /* AppDelegate.swift in Sources */ = {isa = PBXBuildFile; fileRef = AB0AE6A12134FAE8007E5B5C /* AppDelegate.swift */; };
		AB0AE6AD2134FAEA007E5B5C /* Assets.xcassets in Resources */ = {isa = PBXBuildFile; fileRef = AB0AE6AC2134FAEA007E5B5C /* Assets.xcassets */; };
		B6F6903FC00CF26AAFD7B404 /* NewTimeZoneNickNameViewController.swift in Sources */ = {isa = PBXBuildFile; fileRef = B6F690C72D743AEA5B7DE9AD /* NewTimeZoneNickNameViewController.swift */; };
		B6F6906B914E98E7827A9A5D /* FontUtil.swift in Sources */ = {isa = PBXBuildFile; fileRef = B6F69ADBFFF24B0DB2EABC37 /* FontUtil.swift */; };
		B6F69169A4834542CA7A94BE /* UserTimeZone.swift in Sources */ = {isa = PBXBuildFile; fileRef = B6F69B24B9D31E22F4CBBDAB /* UserTimeZone.swift */; };
		B6F691B99B596D59F9693172 /* StringUtil.swift in Sources */ = {isa = PBXBuildFile; fileRef = B6F69570C556276FE34B00D9 /* StringUtil.swift */; };
		B6F6928864CDA6D29C164324 /* WorldTimeDisplay.swift in Sources */ = {isa = PBXBuildFile; fileRef = B6F6983E9E53E94F3F53134E /* WorldTimeDisplay.swift */; };
		B6F692F1F556900D50C3243C /* WorldTimeSliderCell.swift in Sources */ = {isa = PBXBuildFile; fileRef = B6F69DBD044112B35E7BD59C /* WorldTimeSliderCell.swift */; };
		B6F693CD9DFA18F248A02D7D /* UserTimeZoneService.swift in Sources */ = {isa = PBXBuildFile; fileRef = B6F690BEABAB361989F68FBB /* UserTimeZoneService.swift */; };
		B6F69681086CEC3D4FF80615 /* UserTimeZoneRepository.swift in Sources */ = {isa = PBXBuildFile; fileRef = B6F69639467D65BADDD50F1C /* UserTimeZoneRepository.swift */; };
		B6F69CB60BA1F5AE0997B1F6 /* CityImageRepository.swift in Sources */ = {isa = PBXBuildFile; fileRef = B6F690ED4AA92C4AEE5AD6BE /* CityImageRepository.swift */; };
/* End PBXBuildFile section */

/* Begin PBXFileReference section */
		413070024E6462404C2CA6F7 /* WorldTimeList.swift */ = {isa = PBXFileReference; fileEncoding = 4; lastKnownFileType = sourcecode.swift; path = WorldTimeList.swift; sourceTree = "<group>"; };
		4130705F9FA2A64E23CFE669 /* TimeCenterService.swift */ = {isa = PBXFileReference; fileEncoding = 4; lastKnownFileType = sourcecode.swift; path = TimeCenterService.swift; sourceTree = "<group>"; };
		41307714D0AA223B92858949 /* CornerRoundedNavigationController.swift */ = {isa = PBXFileReference; fileEncoding = 4; lastKnownFileType = sourcecode.swift; path = CornerRoundedNavigationController.swift; sourceTree = "<group>"; };
		413078F2F3D50E93E2BEFFCB /* NewTimeZoneViewController.swift */ = {isa = PBXFileReference; fileEncoding = 4; lastKnownFileType = sourcecode.swift; path = NewTimeZoneViewController.swift; sourceTree = "<group>"; };
		41307BE6316C20D563093F60 /* WorldTimeSlider.swift */ = {isa = PBXFileReference; fileEncoding = 4; lastKnownFileType = sourcecode.swift; path = WorldTimeSlider.swift; sourceTree = "<group>"; };
		41307C23B28E5EE38B5F8481 /* TimeZoneRepository.swift */ = {isa = PBXFileReference; fileEncoding = 4; lastKnownFileType = sourcecode.swift; path = TimeZoneRepository.swift; sourceTree = "<group>"; };
		41307C70F9E2E5E61D074FDC /* WorldTimeViewController.swift */ = {isa = PBXFileReference; fileEncoding = 4; lastKnownFileType = sourcecode.swift; path = WorldTimeViewController.swift; sourceTree = "<group>"; };
		41307CE51BB01F949D9D0BF0 /* TimeZoneService.swift */ = {isa = PBXFileReference; fileEncoding = 4; lastKnownFileType = sourcecode.swift; path = TimeZoneService.swift; sourceTree = "<group>"; };
		41307D30BA63970D126CDDC1 /* DateUtil.swift */ = {isa = PBXFileReference; fileEncoding = 4; lastKnownFileType = sourcecode.swift; path = DateUtil.swift; sourceTree = "<group>"; };
		41307D91F82EADC0D08F67DF /* NewTimeCityListCell.swift */ = {isa = PBXFileReference; fileEncoding = 4; lastKnownFileType = sourcecode.swift; path = NewTimeCityListCell.swift; sourceTree = "<group>"; };
		41307E3661BB9AC256ACB48A /* timezones.plist */ = {isa = PBXFileReference; fileEncoding = 4; lastKnownFileType = text.plist; path = timezones.plist; sourceTree = "<group>"; };
		41307ECB176E655C16E1F462 /* WorldTimeFloatingButton.swift */ = {isa = PBXFileReference; fileEncoding = 4; lastKnownFileType = sourcecode.swift; path = WorldTimeFloatingButton.swift; sourceTree = "<group>"; };
		41307F049FF1DFDAFEB9D69C /* WorldTimeCell.swift */ = {isa = PBXFileReference; fileEncoding = 4; lastKnownFileType = sourcecode.swift; path = WorldTimeCell.swift; sourceTree = "<group>"; };
		8050C61FC9D551B3A34A3C87 /* Pods-Trimal.release.xcconfig */ = {isa = PBXFileReference; includeInIndex = 1; lastKnownFileType = text.xcconfig; name = "Pods-Trimal.release.xcconfig"; path = "Pods/Target Support Files/Pods-Trimal/Pods-Trimal.release.xcconfig"; sourceTree = "<group>"; };
		AB0AE69E2134FAE8007E5B5C /* Trimal.app */ = {isa = PBXFileReference; explicitFileType = wrapper.application; includeInIndex = 0; path = Trimal.app; sourceTree = BUILT_PRODUCTS_DIR; };
		AB0AE6A12134FAE8007E5B5C /* AppDelegate.swift */ = {isa = PBXFileReference; lastKnownFileType = sourcecode.swift; path = AppDelegate.swift; sourceTree = "<group>"; };
		AB0AE6AC2134FAEA007E5B5C /* Assets.xcassets */ = {isa = PBXFileReference; lastKnownFileType = folder.assetcatalog; path = Assets.xcassets; sourceTree = "<group>"; };
		AB0AE6B12134FAEA007E5B5C /* Info.plist */ = {isa = PBXFileReference; lastKnownFileType = text.plist.xml; path = Info.plist; sourceTree = "<group>"; };
		B6A5D2FD9F6CA1E262AA9B6A /* Pods_Trimal.framework */ = {isa = PBXFileReference; explicitFileType = wrapper.framework; includeInIndex = 0; path = Pods_Trimal.framework; sourceTree = BUILT_PRODUCTS_DIR; };
		B6F690BEABAB361989F68FBB /* UserTimeZoneService.swift */ = {isa = PBXFileReference; fileEncoding = 4; lastKnownFileType = sourcecode.swift; path = UserTimeZoneService.swift; sourceTree = "<group>"; };
		B6F690C72D743AEA5B7DE9AD /* NewTimeZoneNickNameViewController.swift */ = {isa = PBXFileReference; fileEncoding = 4; lastKnownFileType = sourcecode.swift; path = NewTimeZoneNickNameViewController.swift; sourceTree = "<group>"; };
		B6F690ED4AA92C4AEE5AD6BE /* CityImageRepository.swift */ = {isa = PBXFileReference; fileEncoding = 4; lastKnownFileType = sourcecode.swift; path = CityImageRepository.swift; sourceTree = "<group>"; };
		B6F69570C556276FE34B00D9 /* StringUtil.swift */ = {isa = PBXFileReference; fileEncoding = 4; lastKnownFileType = sourcecode.swift; path = StringUtil.swift; sourceTree = "<group>"; };
		B6F69639467D65BADDD50F1C /* UserTimeZoneRepository.swift */ = {isa = PBXFileReference; fileEncoding = 4; lastKnownFileType = sourcecode.swift; path = UserTimeZoneRepository.swift; sourceTree = "<group>"; };
		B6F6983E9E53E94F3F53134E /* WorldTimeDisplay.swift */ = {isa = PBXFileReference; fileEncoding = 4; lastKnownFileType = sourcecode.swift; path = WorldTimeDisplay.swift; sourceTree = "<group>"; };
		B6F69ADBFFF24B0DB2EABC37 /* FontUtil.swift */ = {isa = PBXFileReference; fileEncoding = 4; lastKnownFileType = sourcecode.swift; path = FontUtil.swift; sourceTree = "<group>"; };
		B6F69B24B9D31E22F4CBBDAB /* UserTimeZone.swift */ = {isa = PBXFileReference; fileEncoding = 4; lastKnownFileType = sourcecode.swift; path = UserTimeZone.swift; sourceTree = "<group>"; };
		B6F69DBD044112B35E7BD59C /* WorldTimeSliderCell.swift */ = {isa = PBXFileReference; fileEncoding = 4; lastKnownFileType = sourcecode.swift; path = WorldTimeSliderCell.swift; sourceTree = "<group>"; };
		E72368F1AD0AA7AA18688AFD /* Pods-Trimal.debug.xcconfig */ = {isa = PBXFileReference; includeInIndex = 1; lastKnownFileType = text.xcconfig; name = "Pods-Trimal.debug.xcconfig"; path = "Pods/Target Support Files/Pods-Trimal/Pods-Trimal.debug.xcconfig"; sourceTree = "<group>"; };
/* End PBXFileReference section */

/* Begin PBXFrameworksBuildPhase section */
		AB0AE69B2134FAE8007E5B5C /* Frameworks */ = {
			isa = PBXFrameworksBuildPhase;
			buildActionMask = 2147483647;
			files = (
				22F2EAF1F1E83CE864C071D0 /* Pods_Trimal.framework in Frameworks */,
			);
			runOnlyForDeploymentPostprocessing = 0;
		};
/* End PBXFrameworksBuildPhase section */

/* Begin PBXGroup section */
		206799D66FA05F739FB63143 /* Pods */ = {
			isa = PBXGroup;
			children = (
				E72368F1AD0AA7AA18688AFD /* Pods-Trimal.debug.xcconfig */,
				8050C61FC9D551B3A34A3C87 /* Pods-Trimal.release.xcconfig */,
			);
			name = Pods;
			sourceTree = "<group>";
		};
		41307042B3E3EDC59158D64A /* Utilties */ = {
			isa = PBXGroup;
			children = (
				41307D30BA63970D126CDDC1 /* DateUtil.swift */,
				B6F69ADBFFF24B0DB2EABC37 /* FontUtil.swift */,
				B6F69570C556276FE34B00D9 /* StringUtil.swift */,
			);
			path = Utilties;
			sourceTree = "<group>";
		};
		4130705F2DA623E5744635A7 /* Entities */ = {
			isa = PBXGroup;
			children = (
				B6F69B24B9D31E22F4CBBDAB /* UserTimeZone.swift */,
			);
			path = Entities;
			sourceTree = "<group>";
		};
		413071DD0121C033B7EE7895 /* Components */ = {
			isa = PBXGroup;
			children = (
				413070024E6462404C2CA6F7 /* WorldTimeList.swift */,
				41307F049FF1DFDAFEB9D69C /* WorldTimeCell.swift */,
				41307BE6316C20D563093F60 /* WorldTimeSlider.swift */,
				B6F69DBD044112B35E7BD59C /* WorldTimeSliderCell.swift */,
				B6F6983E9E53E94F3F53134E /* WorldTimeDisplay.swift */,
				41307ECB176E655C16E1F462 /* WorldTimeFloatingButton.swift */,
				41307D91F82EADC0D08F67DF /* NewTimeCityListCell.swift */,
			);
			path = Components;
			sourceTree = "<group>";
		};
		413072A6A2DA467D9FEB04D1 /* Repositories */ = {
			isa = PBXGroup;
			children = (
				B6F69639467D65BADDD50F1C /* UserTimeZoneRepository.swift */,
				41307C23B28E5EE38B5F8481 /* TimeZoneRepository.swift */,
				B6F690ED4AA92C4AEE5AD6BE /* CityImageRepository.swift */,
			);
			path = Repositories;
			sourceTree = "<group>";
		};
		41307DB4A51B1E3FBAC5B765 /* Services */ = {
			isa = PBXGroup;
			children = (
				4130705F9FA2A64E23CFE669 /* TimeCenterService.swift */,
				B6F690BEABAB361989F68FBB /* UserTimeZoneService.swift */,
				41307CE51BB01F949D9D0BF0 /* TimeZoneService.swift */,
			);
			path = Services;
			sourceTree = "<group>";
		};
		598DD13516316976F1FBC613 /* Frameworks */ = {
			isa = PBXGroup;
			children = (
				B6A5D2FD9F6CA1E262AA9B6A /* Pods_Trimal.framework */,
			);
			name = Frameworks;
			sourceTree = "<group>";
		};
		AB0AE6952134FAE8007E5B5C = {
			isa = PBXGroup;
			children = (
				AB0AE6A02134FAE8007E5B5C /* Trimal */,
				AB0AE69F2134FAE8007E5B5C /* Products */,
				206799D66FA05F739FB63143 /* Pods */,
				598DD13516316976F1FBC613 /* Frameworks */,
			);
			sourceTree = "<group>";
		};
		AB0AE69F2134FAE8007E5B5C /* Products */ = {
			isa = PBXGroup;
			children = (
				AB0AE69E2134FAE8007E5B5C /* Trimal.app */,
			);
			name = Products;
			sourceTree = "<group>";
		};
		AB0AE6A02134FAE8007E5B5C /* Trimal */ = {
			isa = PBXGroup;
			children = (
				AB0AE6B72134FC0A007E5B5C /* Controllers */,
				AB0AE6A12134FAE8007E5B5C /* AppDelegate.swift */,
				AB0AE6AC2134FAEA007E5B5C /* Assets.xcassets */,
				AB0AE6B12134FAEA007E5B5C /* Info.plist */,
				413071DD0121C033B7EE7895 /* Components */,
				41307DB4A51B1E3FBAC5B765 /* Services */,
				413072A6A2DA467D9FEB04D1 /* Repositories */,
				41307042B3E3EDC59158D64A /* Utilties */,
				4130705F2DA623E5744635A7 /* Entities */,
				41307E3661BB9AC256ACB48A /* timezones.plist */,
			);
			path = Trimal;
			sourceTree = "<group>";
		};
		AB0AE6B72134FC0A007E5B5C /* Controllers */ = {
			isa = PBXGroup;
			children = (
				41307C70F9E2E5E61D074FDC /* WorldTimeViewController.swift */,
				413078F2F3D50E93E2BEFFCB /* NewTimeZoneViewController.swift */,
				41307714D0AA223B92858949 /* CornerRoundedNavigationController.swift */,
				B6F690C72D743AEA5B7DE9AD /* NewTimeZoneNickNameViewController.swift */,
			);
			path = Controllers;
			sourceTree = "<group>";
		};
/* End PBXGroup section */

/* Begin PBXNativeTarget section */
		AB0AE69D2134FAE8007E5B5C /* Trimal */ = {
			isa = PBXNativeTarget;
			buildConfigurationList = AB0AE6B42134FAEA007E5B5C /* Build configuration list for PBXNativeTarget "Trimal" */;
			buildPhases = (
				0FA9AEB6D13AF0A9ACB07AD4 /* [CP] Check Pods Manifest.lock */,
				AB0AE69A2134FAE8007E5B5C /* Sources */,
				AB0AE69B2134FAE8007E5B5C /* Frameworks */,
				AB0AE69C2134FAE8007E5B5C /* Resources */,
				2149E7A0C4FA8B61CDBCB302 /* [CP] Embed Pods Frameworks */,
			);
			buildRules = (
			);
			dependencies = (
			);
			name = Trimal;
			productName = Trimal;
			productReference = AB0AE69E2134FAE8007E5B5C /* Trimal.app */;
			productType = "com.apple.product-type.application";
		};
/* End PBXNativeTarget section */

/* Begin PBXProject section */
		AB0AE6962134FAE8007E5B5C /* Project object */ = {
			isa = PBXProject;
			attributes = {
				LastSwiftUpdateCheck = 0940;
				LastUpgradeCheck = 0940;
				ORGANIZATIONNAME = "Hongfei Zhou";
				TargetAttributes = {
					AB0AE69D2134FAE8007E5B5C = {
						CreatedOnToolsVersion = 9.4.1;
					};
				};
			};
			buildConfigurationList = AB0AE6992134FAE8007E5B5C /* Build configuration list for PBXProject "Trimal" */;
			compatibilityVersion = "Xcode 9.3";
			developmentRegion = en;
			hasScannedForEncodings = 0;
			knownRegions = (
				en,
				Base,
			);
			mainGroup = AB0AE6952134FAE8007E5B5C;
			productRefGroup = AB0AE69F2134FAE8007E5B5C /* Products */;
			projectDirPath = "";
			projectRoot = "";
			targets = (
				AB0AE69D2134FAE8007E5B5C /* Trimal */,
			);
		};
/* End PBXProject section */

/* Begin PBXResourcesBuildPhase section */
		AB0AE69C2134FAE8007E5B5C /* Resources */ = {
			isa = PBXResourcesBuildPhase;
			buildActionMask = 2147483647;
			files = (
				AB0AE6AD2134FAEA007E5B5C /* Assets.xcassets in Resources */,
				4130711BD11DDA10365E83B5 /* timezones.plist in Resources */,
			);
			runOnlyForDeploymentPostprocessing = 0;
		};
/* End PBXResourcesBuildPhase section */

/* Begin PBXShellScriptBuildPhase section */
		0FA9AEB6D13AF0A9ACB07AD4 /* [CP] Check Pods Manifest.lock */ = {
			isa = PBXShellScriptBuildPhase;
			buildActionMask = 2147483647;
			files = (
			);
			inputPaths = (
				"${PODS_PODFILE_DIR_PATH}/Podfile.lock",
				"${PODS_ROOT}/Manifest.lock",
			);
			name = "[CP] Check Pods Manifest.lock";
			outputPaths = (
				"$(DERIVED_FILE_DIR)/Pods-Trimal-checkManifestLockResult.txt",
			);
			runOnlyForDeploymentPostprocessing = 0;
			shellPath = /bin/sh;
			shellScript = "diff \"${PODS_PODFILE_DIR_PATH}/Podfile.lock\" \"${PODS_ROOT}/Manifest.lock\" > /dev/null\nif [ $? != 0 ] ; then\n    # print error to STDERR\n    echo \"error: The sandbox is not in sync with the Podfile.lock. Run 'pod install' or update your CocoaPods installation.\" >&2\n    exit 1\nfi\n# This output is used by Xcode 'outputs' to avoid re-running this script phase.\necho \"SUCCESS\" > \"${SCRIPT_OUTPUT_FILE_0}\"\n";
			showEnvVarsInLog = 0;
		};
		2149E7A0C4FA8B61CDBCB302 /* [CP] Embed Pods Frameworks */ = {
			isa = PBXShellScriptBuildPhase;
			buildActionMask = 2147483647;
			files = (
			);
			inputPaths = (
				"${SRCROOT}/Pods/Target Support Files/Pods-Trimal/Pods-Trimal-frameworks.sh",
				"${BUILT_PRODUCTS_DIR}/Alamofire/Alamofire.framework",
				"${BUILT_PRODUCTS_DIR}/Cache/Cache.framework",
				"${BUILT_PRODUCTS_DIR}/PinLayout/PinLayout.framework",
				"${BUILT_PRODUCTS_DIR}/SwiftIcons/SwiftIcons.framework",
			);
			name = "[CP] Embed Pods Frameworks";
			outputPaths = (
				"${TARGET_BUILD_DIR}/${FRAMEWORKS_FOLDER_PATH}/Alamofire.framework",
				"${TARGET_BUILD_DIR}/${FRAMEWORKS_FOLDER_PATH}/Cache.framework",
				"${TARGET_BUILD_DIR}/${FRAMEWORKS_FOLDER_PATH}/PinLayout.framework",
				"${TARGET_BUILD_DIR}/${FRAMEWORKS_FOLDER_PATH}/SwiftIcons.framework",
			);
			runOnlyForDeploymentPostprocessing = 0;
			shellPath = /bin/sh;
			shellScript = "\"${SRCROOT}/Pods/Target Support Files/Pods-Trimal/Pods-Trimal-frameworks.sh\"\n";
			showEnvVarsInLog = 0;
		};
/* End PBXShellScriptBuildPhase section */

/* Begin PBXSourcesBuildPhase section */
		AB0AE69A2134FAE8007E5B5C /* Sources */ = {
			isa = PBXSourcesBuildPhase;
			buildActionMask = 2147483647;
			files = (
				AB0AE6A22134FAE8007E5B5C /* AppDelegate.swift in Sources */,
				41307CD9159E55FEB0BC0B17 /* WorldTimeViewController.swift in Sources */,
				413078BD7F6A626F3CBF64D3 /* WorldTimeList.swift in Sources */,
				4130721F0334A22522EEEEDF /* WorldTimeCell.swift in Sources */,
				41307950CDA63F833678A02A /* DateUtil.swift in Sources */,
				B6F6906B914E98E7827A9A5D /* FontUtil.swift in Sources */,
				B6F69169A4834542CA7A94BE /* UserTimeZone.swift in Sources */,
				41307B6AD29B990BD3257785 /* WorldTimeSlider.swift in Sources */,
				B6F692F1F556900D50C3243C /* WorldTimeSliderCell.swift in Sources */,
				41307D6B78E8580FB307D481 /* TimeCenterService.swift in Sources */,
				B6F6928864CDA6D29C164324 /* WorldTimeDisplay.swift in Sources */,
				B6F69681086CEC3D4FF80615 /* UserTimeZoneRepository.swift in Sources */,
				B6F693CD9DFA18F248A02D7D /* UserTimeZoneService.swift in Sources */,
				41307F8C660162A6E035565C /* WorldTimeFloatingButton.swift in Sources */,
				4130772D06312008CAF6129C /* NewTimeZoneViewController.swift in Sources */,
				41307B454CA9076E26691745 /* CornerRoundedNavigationController.swift in Sources */,
				413076FB3DC7BAC63E4D16F3 /* TimeZoneRepository.swift in Sources */,
				41307D582EF82B7C161E1AFE /* TimeZoneService.swift in Sources */,
				41307152E210D6CAF1CD14FB /* NewTimeCityListCell.swift in Sources */,
				B6F6903FC00CF26AAFD7B404 /* NewTimeZoneNickNameViewController.swift in Sources */,
				B6F691B99B596D59F9693172 /* StringUtil.swift in Sources */,
				B6F69CB60BA1F5AE0997B1F6 /* CityImageRepository.swift in Sources */,
			);
			runOnlyForDeploymentPostprocessing = 0;
		};
/* End PBXSourcesBuildPhase section */

/* Begin XCBuildConfiguration section */
		AB0AE6B22134FAEA007E5B5C /* Debug */ = {
			isa = XCBuildConfiguration;
			buildSettings = {
				ALWAYS_SEARCH_USER_PATHS = NO;
				CLANG_ANALYZER_NONNULL = YES;
				CLANG_ANALYZER_NUMBER_OBJECT_CONVERSION = YES_AGGRESSIVE;
				CLANG_CXX_LANGUAGE_STANDARD = "gnu++14";
				CLANG_CXX_LIBRARY = "libc++";
				CLANG_ENABLE_MODULES = YES;
				CLANG_ENABLE_OBJC_ARC = YES;
				CLANG_ENABLE_OBJC_WEAK = YES;
				CLANG_WARN_BLOCK_CAPTURE_AUTORELEASING = YES;
				CLANG_WARN_BOOL_CONVERSION = YES;
				CLANG_WARN_COMMA = YES;
				CLANG_WARN_CONSTANT_CONVERSION = YES;
				CLANG_WARN_DEPRECATED_OBJC_IMPLEMENTATIONS = YES;
				CLANG_WARN_DIRECT_OBJC_ISA_USAGE = YES_ERROR;
				CLANG_WARN_DOCUMENTATION_COMMENTS = YES;
				CLANG_WARN_EMPTY_BODY = YES;
				CLANG_WARN_ENUM_CONVERSION = YES;
				CLANG_WARN_INFINITE_RECURSION = YES;
				CLANG_WARN_INT_CONVERSION = YES;
				CLANG_WARN_NON_LITERAL_NULL_CONVERSION = YES;
				CLANG_WARN_OBJC_IMPLICIT_RETAIN_SELF = YES;
				CLANG_WARN_OBJC_LITERAL_CONVERSION = YES;
				CLANG_WARN_OBJC_ROOT_CLASS = YES_ERROR;
				CLANG_WARN_RANGE_LOOP_ANALYSIS = YES;
				CLANG_WARN_STRICT_PROTOTYPES = YES;
				CLANG_WARN_SUSPICIOUS_MOVE = YES;
				CLANG_WARN_UNGUARDED_AVAILABILITY = YES_AGGRESSIVE;
				CLANG_WARN_UNREACHABLE_CODE = YES;
				CLANG_WARN__DUPLICATE_METHOD_MATCH = YES;
				CODE_SIGN_IDENTITY = "iPhone Developer";
				COPY_PHASE_STRIP = NO;
				DEBUG_INFORMATION_FORMAT = dwarf;
				ENABLE_STRICT_OBJC_MSGSEND = YES;
				ENABLE_TESTABILITY = YES;
				GCC_C_LANGUAGE_STANDARD = gnu11;
				GCC_DYNAMIC_NO_PIC = NO;
				GCC_NO_COMMON_BLOCKS = YES;
				GCC_OPTIMIZATION_LEVEL = 0;
				GCC_PREPROCESSOR_DEFINITIONS = (
					"DEBUG=1",
					"$(inherited)",
				);
				GCC_WARN_64_TO_32_BIT_CONVERSION = YES;
				GCC_WARN_ABOUT_RETURN_TYPE = YES_ERROR;
				GCC_WARN_UNDECLARED_SELECTOR = YES;
				GCC_WARN_UNINITIALIZED_AUTOS = YES_AGGRESSIVE;
				GCC_WARN_UNUSED_FUNCTION = YES;
				GCC_WARN_UNUSED_VARIABLE = YES;
				IPHONEOS_DEPLOYMENT_TARGET = 11.4;
				MTL_ENABLE_DEBUG_INFO = YES;
				ONLY_ACTIVE_ARCH = YES;
				SDKROOT = iphoneos;
				SWIFT_ACTIVE_COMPILATION_CONDITIONS = DEBUG;
				SWIFT_OPTIMIZATION_LEVEL = "-Onone";
			};
			name = Debug;
		};
		AB0AE6B32134FAEA007E5B5C /* Release */ = {
			isa = XCBuildConfiguration;
			buildSettings = {
				ALWAYS_SEARCH_USER_PATHS = NO;
				CLANG_ANALYZER_NONNULL = YES;
				CLANG_ANALYZER_NUMBER_OBJECT_CONVERSION = YES_AGGRESSIVE;
				CLANG_CXX_LANGUAGE_STANDARD = "gnu++14";
				CLANG_CXX_LIBRARY = "libc++";
				CLANG_ENABLE_MODULES = YES;
				CLANG_ENABLE_OBJC_ARC = YES;
				CLANG_ENABLE_OBJC_WEAK = YES;
				CLANG_WARN_BLOCK_CAPTURE_AUTORELEASING = YES;
				CLANG_WARN_BOOL_CONVERSION = YES;
				CLANG_WARN_COMMA = YES;
				CLANG_WARN_CONSTANT_CONVERSION = YES;
				CLANG_WARN_DEPRECATED_OBJC_IMPLEMENTATIONS = YES;
				CLANG_WARN_DIRECT_OBJC_ISA_USAGE = YES_ERROR;
				CLANG_WARN_DOCUMENTATION_COMMENTS = YES;
				CLANG_WARN_EMPTY_BODY = YES;
				CLANG_WARN_ENUM_CONVERSION = YES;
				CLANG_WARN_INFINITE_RECURSION = YES;
				CLANG_WARN_INT_CONVERSION = YES;
				CLANG_WARN_NON_LITERAL_NULL_CONVERSION = YES;
				CLANG_WARN_OBJC_IMPLICIT_RETAIN_SELF = YES;
				CLANG_WARN_OBJC_LITERAL_CONVERSION = YES;
				CLANG_WARN_OBJC_ROOT_CLASS = YES_ERROR;
				CLANG_WARN_RANGE_LOOP_ANALYSIS = YES;
				CLANG_WARN_STRICT_PROTOTYPES = YES;
				CLANG_WARN_SUSPICIOUS_MOVE = YES;
				CLANG_WARN_UNGUARDED_AVAILABILITY = YES_AGGRESSIVE;
				CLANG_WARN_UNREACHABLE_CODE = YES;
				CLANG_WARN__DUPLICATE_METHOD_MATCH = YES;
				CODE_SIGN_IDENTITY = "iPhone Developer";
				COPY_PHASE_STRIP = NO;
				DEBUG_INFORMATION_FORMAT = "dwarf-with-dsym";
				ENABLE_NS_ASSERTIONS = NO;
				ENABLE_STRICT_OBJC_MSGSEND = YES;
				GCC_C_LANGUAGE_STANDARD = gnu11;
				GCC_NO_COMMON_BLOCKS = YES;
				GCC_WARN_64_TO_32_BIT_CONVERSION = YES;
				GCC_WARN_ABOUT_RETURN_TYPE = YES_ERROR;
				GCC_WARN_UNDECLARED_SELECTOR = YES;
				GCC_WARN_UNINITIALIZED_AUTOS = YES_AGGRESSIVE;
				GCC_WARN_UNUSED_FUNCTION = YES;
				GCC_WARN_UNUSED_VARIABLE = YES;
				IPHONEOS_DEPLOYMENT_TARGET = 11.4;
				MTL_ENABLE_DEBUG_INFO = NO;
				SDKROOT = iphoneos;
				SWIFT_COMPILATION_MODE = wholemodule;
				SWIFT_OPTIMIZATION_LEVEL = "-O";
				VALIDATE_PRODUCT = YES;
			};
			name = Release;
		};
		AB0AE6B52134FAEA007E5B5C /* Debug */ = {
			isa = XCBuildConfiguration;
			baseConfigurationReference = E72368F1AD0AA7AA18688AFD /* Pods-Trimal.debug.xcconfig */;
			buildSettings = {
				ASSETCATALOG_COMPILER_APPICON_NAME = AppIcon;
				CODE_SIGN_STYLE = Automatic;
				DEVELOPMENT_TEAM = MG2A8FT82Y;
				INFOPLIST_FILE = Trimal/Info.plist;
				LD_RUNPATH_SEARCH_PATHS = (
					"$(inherited)",
					"@executable_path/Frameworks",
				);
				PRODUCT_BUNDLE_IDENTIFIER = hongfeiwork.ios.Trimal;
				PRODUCT_NAME = "$(TARGET_NAME)";
				SWIFT_VERSION = 4.0;
				TARGETED_DEVICE_FAMILY = "1,2";
			};
			name = Debug;
		};
		AB0AE6B62134FAEA007E5B5C /* Release */ = {
			isa = XCBuildConfiguration;
			baseConfigurationReference = 8050C61FC9D551B3A34A3C87 /* Pods-Trimal.release.xcconfig */;
			buildSettings = {
				ASSETCATALOG_COMPILER_APPICON_NAME = AppIcon;
				CODE_SIGN_STYLE = Automatic;
				DEVELOPMENT_TEAM = MG2A8FT82Y;
				INFOPLIST_FILE = Trimal/Info.plist;
				LD_RUNPATH_SEARCH_PATHS = (
					"$(inherited)",
					"@executable_path/Frameworks",
				);
				PRODUCT_BUNDLE_IDENTIFIER = hongfeiwork.ios.Trimal;
				PRODUCT_NAME = "$(TARGET_NAME)";
				SWIFT_VERSION = 4.0;
				TARGETED_DEVICE_FAMILY = "1,2";
			};
			name = Release;
		};
/* End XCBuildConfiguration section */

/* Begin XCConfigurationList section */
		AB0AE6992134FAE8007E5B5C /* Build configuration list for PBXProject "Trimal" */ = {
			isa = XCConfigurationList;
			buildConfigurations = (
				AB0AE6B22134FAEA007E5B5C /* Debug */,
				AB0AE6B32134FAEA007E5B5C /* Release */,
			);
			defaultConfigurationIsVisible = 0;
			defaultConfigurationName = Release;
		};
		AB0AE6B42134FAEA007E5B5C /* Build configuration list for PBXNativeTarget "Trimal" */ = {
			isa = XCConfigurationList;
			buildConfigurations = (
				AB0AE6B52134FAEA007E5B5C /* Debug */,
				AB0AE6B62134FAEA007E5B5C /* Release */,
			);
			defaultConfigurationIsVisible = 0;
			defaultConfigurationName = Release;
		};
/* End XCConfigurationList section */
	};
	rootObject = AB0AE6962134FAE8007E5B5C /* Project object */;
}
