PODS:
  - Cache (5.0.0)
  - PinLayout (1.7.11)
  - SwiftIcons (2.2.0)

DEPENDENCIES:
  - Cache
  - PinLayout
  - SwiftIcons (~> 2.2.0)

SPEC REPOS:
  https://github.com/cocoapods/specs.git:
    - Cache
    - PinLayout
    - SwiftIcons

SPEC CHECKSUMS:
  Cache: fae4826ba52d7a5d9a3a0ad6fe73e3501a82964f
  PinLayout: 98a38fd83aba58fa6f1e0543952313259aa0a212
  SwiftIcons: e7eb9bf2b475d6bdd8b37c5bdedc6d120aab0829

PODFILE CHECKSUM: 252b6a16226095552229df1c4054b69d6d0b2d73

COCOAPODS: 1.5.3
